{
  "name": "train-npm-lockfile-drift",
  "version": "1.0.0",
  "lockfileVersion": 3,
  "requires": true,
  "packages": {
    "": {
      "name": "train-npm-lockfile-drift",
      "version": "1.0.0",
      "dependencies": {
        "ci-util": "file:vendor/ci-util-v1"
      }
    },
    "node_modules/ci-util": {
      "resolved": "vendor/ci-util-v1",
      "link": true
    },
    "vendor/ci-util-v1": {
      "name": "ci-util",
      "version": "1.0.0"
    }
  }
}
